{
  "requires": true,
  "lockfileVersion": 1,
  "dependencies": {
    "ag-grid-community": {
      "version": "20.0.0",
      "resolved": "https://registry.npmjs.org/ag-grid-community/-/ag-grid-community-20.0.0.tgz",
      "integrity": "sha512-KOvUnZsf1FY/0wt77xNRHJl76nxGwMuVZpEAAQvAsv+TrODXETSP9JcJskVBjr+s5VLvGaxJNfV7JQTc1ZPS5w=="
    },
    "ag-grid-react": {
      "version": "20.0.0",
      "resolved": "https://registry.npmjs.org/ag-grid-react/-/ag-grid-react-20.0.0.tgz",
      "integrity": "sha512-0DAuUsF3qtI6cndtC1UkMT3h9iiIrK/ecgZZJme65h4Lyp08j5qz+u+jFWWm60LGnLL6+0uqPWLZoOA+TSgUpg==",
      "requires": {
        "prop-types": "15.6.2"
      }
    },
    "js-tokens": {
      "version": "4.0.0",
      "resolved": "https://registry.npmjs.org/js-tokens/-/js-tokens-4.0.0.tgz",
      "integrity": "sha512-RdJUflcE3cUzKiMqQgsCu06FPu9UdIJO0beYbPhHN4k6apgJtifcoCtT9bcxOpYBtpD2kCM6Sbzg4CausW/PKQ=="
    },
    "loose-envify": {
      "version": "1.4.0",
      "resolved": "https://registry.npmjs.org/loose-envify/-/loose-envify-1.4.0.tgz",
      "integrity": "sha512-lyuxPGr/Wfhrlem2CL/UcnUc1zcqKAImBDzukY7Y5F/yQiNdko6+fRLevlw1HgMySw7f611UIY408EtxRSoK3Q==",
      "requires": {
        "js-tokens": "4.0.0"
      }
    },
    "object-assign": {
      "version": "4.1.1",
      "resolved": "https://registry.npmjs.org/object-assign/-/object-assign-4.1.1.tgz",
      "integrity": "sha1-IQmtx5ZYh8/AXLvUQsrIv7s2CGM="
    },
    "prop-types": {
      "version": "15.6.2",
      "resolved": "https://registry.npmjs.org/prop-types/-/prop-types-15.6.2.tgz",
      "integrity": "sha512-3pboPvLiWD7dkI3qf3KbUe6hKFKa52w+AE0VCqECtf+QHAKgOL37tTaNCnuX1nAAQ4ZhyP+kYVKf8rLmJ/feDQ==",
      "requires": {
        "loose-envify": "1.4.0",
        "object-assign": "4.1.1"
      }
    },
    "react-form-validator-core": {
      "version": "0.5.1",
      "resolved": "https://registry.npmjs.org/react-form-validator-core/-/react-form-validator-core-0.5.1.tgz",
      "integrity": "sha512-E+PO/F66q4LtvebzJo3R8zoW0il8yjS1cZGjRuV9WBNuTgBa00Ii+qH1EQcIZowhV9T/nkGT3XTp58TangDr3w==",
      "requires": {
        "react-lifecycles-compat": "3.0.4"
      }
    },
    "react-lifecycles-compat": {
      "version": "3.0.4",
      "resolved": "https://registry.npmjs.org/react-lifecycles-compat/-/react-lifecycles-compat-3.0.4.tgz",
      "integrity": "sha512-fBASbA6LnOU9dOU2eW7aQ8xmYBSXUIWr+UmF9b1efZBazGNO+rcXT/icdKnYm2pTwcRylVUYwW7H1PHfLekVzA=="
    }
  }
}
