{
  "requires": true,
  "lockfileVersion": 1,
  "dependencies": {
    "react-form-validator-core": {
      "version": "0.5.1",
      "resolved": "https://registry.npmjs.org/react-form-validator-core/-/react-form-validator-core-0.5.1.tgz",
      "integrity": "sha512-E+PO/F66q4LtvebzJo3R8zoW0il8yjS1cZGjRuV9WBNuTgBa00Ii+qH1EQcIZowhV9T/nkGT3XTp58TangDr3w==",
      "requires": {
        "react-lifecycles-compat": "3.0.4"
      }
    },
    "react-lifecycles-compat": {
      "version": "3.0.4",
      "resolved": "https://registry.npmjs.org/react-lifecycles-compat/-/react-lifecycles-compat-3.0.4.tgz",
      "integrity": "sha512-fBASbA6LnOU9dOU2eW7aQ8xmYBSXUIWr+UmF9b1efZBazGNO+rcXT/icdKnYm2pTwcRylVUYwW7H1PHfLekVzA=="
    }
  }
}
